
Microsoft Visual Studio Solution File, Format Version 12.00
# Visual Studio Version 17
VisualStudioVersion = 17.1.32421.90
MinimumVisualStudioVersion = 10.0.40219.1
Project("{9A19103F-16F7-4668-BE54-9A1E7A4F7556}") = "SanaWebTest", "SanaWebTest\SanaWebTest.csproj", "{03B6750B-BEF6-43C5-92C8-275038F74F62}"
EndProject
Project("{9A19103F-16F7-4668-BE54-9A1E7A4F7556}") = "SanaWebTest.Storage", "SanaWebTest.Storage\SanaWebTest.Storage.csproj", "{86D63135-02DC-4819-B6BF-AE7DA368A2BC}"
EndProject
Project("{9A19103F-16F7-4668-BE54-9A1E7A4F7556}") = "SanaWebTest.Storage.EFSqlServer", "SanaWebTest.Storage.EFSqlServer\SanaWebTest.Storage.EFSqlServer.csproj", "{36F03D9F-FAD0-4E18-8B2E-41853307BEF4}"
EndProject
Project("{9A19103F-16F7-4668-BE54-9A1E7A4F7556}") = "SanaWebTest.Storage.InMemory", "SanaWebTest.Storage.InMemory\SanaWebTest.Storage.InMemory.csproj", "{3471A95F-5F1C-43BF-9F81-852B4CD70C8A}"
EndProject
Project("{2150E333-8FDC-42A3-9474-1A3956D46DE8}") = "Solution Items", "Solution Items", "{B3C14984-5662-46AF-B961-8E2EC5642F6F}"
	ProjectSection(SolutionItems) = preProject
		.editorconfig = .editorconfig
		README.md = README.md
	EndProjectSection
EndProject
Project("{2150E333-8FDC-42A3-9474-1A3956D46DE8}") = "Storages", "Storages", "{933EEB90-8B9A-4E49-8064-807098A3B69B}"
EndProject
Global
	GlobalSection(SolutionConfigurationPlatforms) = preSolution
		Debug|Any CPU = Debug|Any CPU
		Release|Any CPU = Release|Any CPU
	EndGlobalSection
	GlobalSection(ProjectConfigurationPlatforms) = postSolution
		{03B6750B-BEF6-43C5-92C8-275038F74F62}.Debug|Any CPU.ActiveCfg = Debug|Any CPU
		{03B6750B-BEF6-43C5-92C8-275038F74F62}.Debug|Any CPU.Build.0 = Debug|Any CPU
		{03B6750B-BEF6-43C5-92C8-275038F74F62}.Release|Any CPU.ActiveCfg = Release|Any CPU
		{03B6750B-BEF6-43C5-92C8-275038F74F62}.Release|Any CPU.Build.0 = Release|Any CPU
		{86D63135-02DC-4819-B6BF-AE7DA368A2BC}.Debug|Any CPU.ActiveCfg = Debug|Any CPU
		{86D63135-02DC-4819-B6BF-AE7DA368A2BC}.Debug|Any CPU.Build.0 = Debug|Any CPU
		{86D63135-02DC-4819-B6BF-AE7DA368A2BC}.Release|Any CPU.ActiveCfg = Release|Any CPU
		{86D63135-02DC-4819-B6BF-AE7DA368A2BC}.Release|Any CPU.Build.0 = Release|Any CPU
		{36F03D9F-FAD0-4E18-8B2E-41853307BEF4}.Debug|Any CPU.ActiveCfg = Debug|Any CPU
		{36F03D9F-FAD0-4E18-8B2E-41853307BEF4}.Debug|Any CPU.Build.0 = Debug|Any CPU
		{36F03D9F-FAD0-4E18-8B2E-41853307BEF4}.Release|Any CPU.ActiveCfg = Release|Any CPU
		{36F03D9F-FAD0-4E18-8B2E-41853307BEF4}.Release|Any CPU.Build.0 = Release|Any CPU
		{3471A95F-5F1C-43BF-9F81-852B4CD70C8A}.Debug|Any CPU.ActiveCfg = Debug|Any CPU
		{3471A95F-5F1C-43BF-9F81-852B4CD70C8A}.Debug|Any CPU.Build.0 = Debug|Any CPU
		{3471A95F-5F1C-43BF-9F81-852B4CD70C8A}.Release|Any CPU.ActiveCfg = Release|Any CPU
		{3471A95F-5F1C-43BF-9F81-852B4CD70C8A}.Release|Any CPU.Build.0 = Release|Any CPU
	EndGlobalSection
	GlobalSection(SolutionProperties) = preSolution
		HideSolutionNode = FALSE
	EndGlobalSection
	GlobalSection(NestedProjects) = preSolution
		{86D63135-02DC-4819-B6BF-AE7DA368A2BC} = {933EEB90-8B9A-4E49-8064-807098A3B69B}
		{36F03D9F-FAD0-4E18-8B2E-41853307BEF4} = {933EEB90-8B9A-4E49-8064-807098A3B69B}
		{3471A95F-5F1C-43BF-9F81-852B4CD70C8A} = {933EEB90-8B9A-4E49-8064-807098A3B69B}
	EndGlobalSection
	GlobalSection(ExtensibilityGlobals) = postSolution
		SolutionGuid = {60D9530A-6209-47BE-9E70-8043E57286E4}
	EndGlobalSection
EndGlobal
